
Microsoft Visual Studio Solution File, Format Version 12.00
# Visual Studio 15
VisualStudioVersion = 15.0.28010.2050
MinimumVisualStudioVersion = 10.0.40219.1
Project("{F184B08F-C81C-45F6-A57F-5ABD9991F28F}") = "MultiPanelSwitch", "MultiPanelSwitch\MultiPanelSwitch.vbproj", "{57EAC92F-BB20-4C94-8AED-A7ADFB92DB41}"
EndProject
Project("{F184B08F-C81C-45F6-A57F-5ABD9991F28F}") = "WindowsApp1", "WindowsApp1\WindowsApp1.vbproj", "{3133E2A8-4131-4459-8B6C-88BFDEE0D098}"
EndProject
Global
	GlobalSection(SolutionConfigurationPlatforms) = preSolution
		Debug|Any CPU = Debug|Any CPU
		Release|Any CPU = Release|Any CPU
	EndGlobalSection
	GlobalSection(ProjectConfigurationPlatforms) = postSolution
		{57EAC92F-BB20-4C94-8AED-A7ADFB92DB41}.Debug|Any CPU.ActiveCfg = Debug|Any CPU
		{57EAC92F-BB20-4C94-8AED-A7ADFB92DB41}.Debug|Any CPU.Build.0 = Debug|Any CPU
		{57EAC92F-BB20-4C94-8AED-A7ADFB92DB41}.Release|Any CPU.ActiveCfg = Release|Any CPU
		{57EAC92F-BB20-4C94-8AED-A7ADFB92DB41}.Release|Any CPU.Build.0 = Release|Any CPU
		{3133E2A8-4131-4459-8B6C-88BFDEE0D098}.Debug|Any CPU.ActiveCfg = Debug|Any CPU
		{3133E2A8-4131-4459-8B6C-88BFDEE0D098}.Debug|Any CPU.Build.0 = Debug|Any CPU
		{3133E2A8-4131-4459-8B6C-88BFDEE0D098}.Release|Any CPU.ActiveCfg = Release|Any CPU
		{3133E2A8-4131-4459-8B6C-88BFDEE0D098}.Release|Any CPU.Build.0 = Release|Any CPU
	EndGlobalSection
	GlobalSection(SolutionProperties) = preSolution
		HideSolutionNode = FALSE
	EndGlobalSection
	GlobalSection(ExtensibilityGlobals) = postSolution
		SolutionGuid = {C420E010-E032-4ED9-889D-76FE17CAC50A}
	EndGlobalSection
EndGlobal
